
Microsoft Visual Studio Solution File, Format Version 12.00
# Visual Studio Version 16
VisualStudioVersion = 16.0.31424.327
MinimumVisualStudioVersion = 10.0.40219.1
Project("{FAE04EC0-301F-11D3-BF4B-00C04F79EFBC}") = "Lab03-SystemIO", "Lab03-SystemIO\Lab03-SystemIO.csproj", "{439A0660-5862-4EB2-AAAB-D54E261B2CF0}"
EndProject
Project("{FAE04EC0-301F-11D3-BF4B-00C04F79EFBC}") = "XUnitTest", "XUnitTest\XUnitTest.csproj", "{974C0E42-3960-4172-85F3-14ADE19B2013}"
EndProject
Project("{2150E333-8FDC-42A3-9474-1A3956D46DE8}") = "Solution Items", "Solution Items", "{B1E50758-B1E9-4C4F-92D5-69FBBAEEB6B6}"
	ProjectSection(SolutionItems) = preProject
		string.txt = string.txt
	EndProjectSection
EndProject
Global
	GlobalSection(SolutionConfigurationPlatforms) = preSolution
		Debug|Any CPU = Debug|Any CPU
		Release|Any CPU = Release|Any CPU
	EndGlobalSection
	GlobalSection(ProjectConfigurationPlatforms) = postSolution
		{439A0660-5862-4EB2-AAAB-D54E261B2CF0}.Debug|Any CPU.ActiveCfg = Debug|Any CPU
		{439A0660-5862-4EB2-AAAB-D54E261B2CF0}.Debug|Any CPU.Build.0 = Debug|Any CPU
		{439A0660-5862-4EB2-AAAB-D54E261B2CF0}.Release|Any CPU.ActiveCfg = Release|Any CPU
		{439A0660-5862-4EB2-AAAB-D54E261B2CF0}.Release|Any CPU.Build.0 = Release|Any CPU
		{974C0E42-3960-4172-85F3-14ADE19B2013}.Debug|Any CPU.ActiveCfg = Debug|Any CPU
		{974C0E42-3960-4172-85F3-14ADE19B2013}.Debug|Any CPU.Build.0 = Debug|Any CPU
		{974C0E42-3960-4172-85F3-14ADE19B2013}.Release|Any CPU.ActiveCfg = Release|Any CPU
		{974C0E42-3960-4172-85F3-14ADE19B2013}.Release|Any CPU.Build.0 = Release|Any CPU
	EndGlobalSection
	GlobalSection(SolutionProperties) = preSolution
		HideSolutionNode = FALSE
	EndGlobalSection
	GlobalSection(ExtensibilityGlobals) = postSolution
		SolutionGuid = {69131756-E35A-4EA4-A715-86A064E3F1B2}
	EndGlobalSection
EndGlobal
